
Microsoft Visual Studio Solution File, Format Version 12.00
# Visual Studio Version 16
VisualStudioVersion = 16.0.31005.135
MinimumVisualStudioVersion = 10.0.40219.1
Project("{FAE04EC0-301F-11D3-BF4B-00C04F79EFBC}") = "exercicioproposto4_03", "exercicioproposto4_03\exercicioproposto4_03.csproj", "{2DBCE383-5F0A-4367-B944-76A00244DD57}"
EndProject
Global
	GlobalSection(SolutionConfigurationPlatforms) = preSolution
		Debug|Any CPU = Debug|Any CPU
		Release|Any CPU = Release|Any CPU
	EndGlobalSection
	GlobalSection(ProjectConfigurationPlatforms) = postSolution
		{2DBCE383-5F0A-4367-B944-76A00244DD57}.Debug|Any CPU.ActiveCfg = Debug|Any CPU
		{2DBCE383-5F0A-4367-B944-76A00244DD57}.Debug|Any CPU.Build.0 = Debug|Any CPU
		{2DBCE383-5F0A-4367-B944-76A00244DD57}.Release|Any CPU.ActiveCfg = Release|Any CPU
		{2DBCE383-5F0A-4367-B944-76A00244DD57}.Release|Any CPU.Build.0 = Release|Any CPU
	EndGlobalSection
	GlobalSection(SolutionProperties) = preSolution
		HideSolutionNode = FALSE
	EndGlobalSection
	GlobalSection(ExtensibilityGlobals) = postSolution
		SolutionGuid = {934DA49B-630B-4845-970E-DA07D6BA123F}
	EndGlobalSection
EndGlobal
